# This file was autogenerated by Stack.
# You should not edit this file by hand.
# For more information, please see the documentation at:
#   https://docs.haskellstack.org/en/stable/lock_files

packages:
- completed:
    hackage: polysemy-plugin-0.2.4.0@sha256:b27f399946e90d480271d2b655b6172ed80f9d421f871c21a804511bc7b0f53c,2952
    pantry-tree:
      size: 1232
      sha256: cb625393a44faa3c25e513c7df89742b5bbe457533f8f2ebf37bc6a32bf10423
  original:
    hackage: polysemy-plugin-0.2.4.0@sha256:b27f399946e90d480271d2b655b6172ed80f9d421f871c21a804511bc7b0f53c,2952
- completed:
    hackage: ghc-tcplugins-extra-0.3.2@sha256:1bbfd4449c3669a31618ea0ebc5d00d980a53988daad3b6218bab5c8cdff268d,1687
    pantry-tree:
      size: 331
      sha256: 4b16989344380c912e476dc232cc58264837b498e31a8bf16a17092ba6c1cfb9
  original:
    hackage: ghc-tcplugins-extra-0.3.2@sha256:1bbfd4449c3669a31618ea0ebc5d00d980a53988daad3b6218bab5c8cdff268d,1687
snapshots:
- completed:
    size: 471739
    url: https://raw.githubusercontent.com/commercialhaskell/stackage-snapshots/master/nightly/2020/1/31.yaml
    sha256: 33d27fc35a58c51d7a8873c8538e64053560031210613cb218232f398c266f82
  original: nightly-2020-01-31
